
Microsoft Visual Studio Solution File, Format Version 12.00
# Visual Studio 2013
VisualStudioVersion = 12.0.30110.0
MinimumVisualStudioVersion = 10.0.40219.1
Project("{8BC9CEB8-8B4A-11D0-8D11-00A0C91BC942}") = "STEP_aac", "..\STEP_aac\STEP_aac.vcxproj", "{6D7D225A-653C-4E42-95A1-01919EF7E15C}"
EndProject
Project("{8BC9CEB8-8B4A-11D0-8D11-00A0C91BC942}") = "STEP_ape", "..\STEP_ape\STEP_ape.vcxproj", "{48D37897-3BFD-4B9A-8C7C-B69346FA893F}"
EndProject
Project("{8BC9CEB8-8B4A-11D0-8D11-00A0C91BC942}") = "STEP_fla", "..\STEP_fla\STEP_fla.vcxproj", "{BB1EF202-3F68-4605-87EB-C4AEBD2BF3FB}"
EndProject
Project("{8BC9CEB8-8B4A-11D0-8D11-00A0C91BC942}") = "STEP_mp3", "..\STEP_mp3\STEP_mp3.vcxproj", "{173FA78F-7CEF-4AE8-BE3B-D3FFEC04095F}"
EndProject
Project("{8BC9CEB8-8B4A-11D0-8D11-00A0C91BC942}") = "STEP_mpc", "..\STEP_mpc\STEP_mpc.vcxproj", "{12AC5CED-3927-4F46-B6D2-DCAB0B586E60}"
EndProject
Project("{8BC9CEB8-8B4A-11D0-8D11-00A0C91BC942}") = "STEP_ogg", "..\STEP_ogg\STEP_ogg.vcxproj", "{2470A798-8855-4CFD-B841-68C6227845CE}"
EndProject
Project("{8BC9CEB8-8B4A-11D0-8D11-00A0C91BC942}") = "STEP_reConv", "..\STEP_reConv\STEP_reConv.vcxproj", "{5152844F-D1C6-4094-BC1F-A8FDC74A8844}"
EndProject
Project("{8BC9CEB8-8B4A-11D0-8D11-00A0C91BC942}") = "STEP_riff", "..\STEP_riff\STEP_riff.vcxproj", "{0EC2FB08-572E-4CDA-A065-48F3B9385AB1}"
EndProject
Project("{8BC9CEB8-8B4A-11D0-8D11-00A0C91BC942}") = "STEP_tta", "..\STEP_tta\STEP_tta.vcxproj", "{DA7E77DB-E9B1-4BF7-BA9C-0EF74DC9BAC8}"
EndProject
Project("{8BC9CEB8-8B4A-11D0-8D11-00A0C91BC942}") = "STEP_vqf", "..\STEP_vqf\STEP_vqf.vcxproj", "{95519D41-4D52-4BAD-99E3-E58F33E9A61C}"
EndProject
Project("{8BC9CEB8-8B4A-11D0-8D11-00A0C91BC942}") = "STEP_wma", "..\STEP_wma\STEP_wma.vcxproj", "{219F8FF1-C591-49FD-98AE-4AA1C5D57587}"
EndProject
Project("{8BC9CEB8-8B4A-11D0-8D11-00A0C91BC942}") = "SuperTagEditor", "SuperTagEditor.vcxproj", "{E18DA30E-6AC6-4BD5-A16A-32420644345F}"
EndProject
Project("{8BC9CEB8-8B4A-11D0-8D11-00A0C91BC942}") = "mp4v2", "..\STEP_aac\mp4v2\mp4v2.vcxproj", "{F6FEB880-93CD-4451-A7D5-6C5C37E9A5B6}"
EndProject
Global
	GlobalSection(SolutionConfigurationPlatforms) = preSolution
		Debug|Win32 = Debug|Win32
		PublicDebug|Win32 = PublicDebug|Win32
		PublicRelease|Win32 = PublicRelease|Win32
		Release|Win32 = Release|Win32
	EndGlobalSection
	GlobalSection(ProjectConfigurationPlatforms) = postSolution
		{6D7D225A-653C-4E42-95A1-01919EF7E15C}.Debug|Win32.ActiveCfg = Debug|Win32
		{6D7D225A-653C-4E42-95A1-01919EF7E15C}.Debug|Win32.Build.0 = Debug|Win32
		{6D7D225A-653C-4E42-95A1-01919EF7E15C}.PublicDebug|Win32.ActiveCfg = Debug|Win32
		{6D7D225A-653C-4E42-95A1-01919EF7E15C}.PublicDebug|Win32.Build.0 = Debug|Win32
		{6D7D225A-653C-4E42-95A1-01919EF7E15C}.PublicRelease|Win32.ActiveCfg = Release|Win32
		{6D7D225A-653C-4E42-95A1-01919EF7E15C}.PublicRelease|Win32.Build.0 = Release|Win32
		{6D7D225A-653C-4E42-95A1-01919EF7E15C}.Release|Win32.ActiveCfg = Release|Win32
		{6D7D225A-653C-4E42-95A1-01919EF7E15C}.Release|Win32.Build.0 = Release|Win32
		{48D37897-3BFD-4B9A-8C7C-B69346FA893F}.Debug|Win32.ActiveCfg = Debug|Win32
		{48D37897-3BFD-4B9A-8C7C-B69346FA893F}.Debug|Win32.Build.0 = Debug|Win32
		{48D37897-3BFD-4B9A-8C7C-B69346FA893F}.PublicDebug|Win32.ActiveCfg = Debug|Win32
		{48D37897-3BFD-4B9A-8C7C-B69346FA893F}.PublicDebug|Win32.Build.0 = Debug|Win32
		{48D37897-3BFD-4B9A-8C7C-B69346FA893F}.PublicRelease|Win32.ActiveCfg = Release|Win32
		{48D37897-3BFD-4B9A-8C7C-B69346FA893F}.PublicRelease|Win32.Build.0 = Release|Win32
		{48D37897-3BFD-4B9A-8C7C-B69346FA893F}.Release|Win32.ActiveCfg = Release|Win32
		{48D37897-3BFD-4B9A-8C7C-B69346FA893F}.Release|Win32.Build.0 = Release|Win32
		{BB1EF202-3F68-4605-87EB-C4AEBD2BF3FB}.Debug|Win32.ActiveCfg = Debug|Win32
		{BB1EF202-3F68-4605-87EB-C4AEBD2BF3FB}.Debug|Win32.Build.0 = Debug|Win32
		{BB1EF202-3F68-4605-87EB-C4AEBD2BF3FB}.PublicDebug|Win32.ActiveCfg = Debug|Win32
		{BB1EF202-3F68-4605-87EB-C4AEBD2BF3FB}.PublicDebug|Win32.Build.0 = Debug|Win32
		{BB1EF202-3F68-4605-87EB-C4AEBD2BF3FB}.PublicRelease|Win32.ActiveCfg = Release|Win32
		{BB1EF202-3F68-4605-87EB-C4AEBD2BF3FB}.PublicRelease|Win32.Build.0 = Release|Win32
		{BB1EF202-3F68-4605-87EB-C4AEBD2BF3FB}.Release|Win32.ActiveCfg = Release|Win32
		{BB1EF202-3F68-4605-87EB-C4AEBD2BF3FB}.Release|Win32.Build.0 = Release|Win32
		{173FA78F-7CEF-4AE8-BE3B-D3FFEC04095F}.Debug|Win32.ActiveCfg = Debug|Win32
		{173FA78F-7CEF-4AE8-BE3B-D3FFEC04095F}.Debug|Win32.Build.0 = Debug|Win32
		{173FA78F-7CEF-4AE8-BE3B-D3FFEC04095F}.PublicDebug|Win32.ActiveCfg = Debug|Win32
		{173FA78F-7CEF-4AE8-BE3B-D3FFEC04095F}.PublicDebug|Win32.Build.0 = Debug|Win32
		{173FA78F-7CEF-4AE8-BE3B-D3FFEC04095F}.PublicRelease|Win32.ActiveCfg = Release|Win32
		{173FA78F-7CEF-4AE8-BE3B-D3FFEC04095F}.PublicRelease|Win32.Build.0 = Release|Win32
		{173FA78F-7CEF-4AE8-BE3B-D3FFEC04095F}.Release|Win32.ActiveCfg = Release|Win32
		{173FA78F-7CEF-4AE8-BE3B-D3FFEC04095F}.Release|Win32.Build.0 = Release|Win32
		{12AC5CED-3927-4F46-B6D2-DCAB0B586E60}.Debug|Win32.ActiveCfg = Debug|Win32
		{12AC5CED-3927-4F46-B6D2-DCAB0B586E60}.Debug|Win32.Build.0 = Debug|Win32
		{12AC5CED-3927-4F46-B6D2-DCAB0B586E60}.PublicDebug|Win32.ActiveCfg = Debug|Win32
		{12AC5CED-3927-4F46-B6D2-DCAB0B586E60}.PublicDebug|Win32.Build.0 = Debug|Win32
		{12AC5CED-3927-4F46-B6D2-DCAB0B586E60}.PublicRelease|Win32.ActiveCfg = Release|Win32
		{12AC5CED-3927-4F46-B6D2-DCAB0B586E60}.PublicRelease|Win32.Build.0 = Release|Win32
		{12AC5CED-3927-4F46-B6D2-DCAB0B586E60}.Release|Win32.ActiveCfg = Release|Win32
		{12AC5CED-3927-4F46-B6D2-DCAB0B586E60}.Release|Win32.Build.0 = Release|Win32
		{2470A798-8855-4CFD-B841-68C6227845CE}.Debug|Win32.ActiveCfg = Debug|Win32
		{2470A798-8855-4CFD-B841-68C6227845CE}.Debug|Win32.Build.0 = Debug|Win32
		{2470A798-8855-4CFD-B841-68C6227845CE}.PublicDebug|Win32.ActiveCfg = Debug|Win32
		{2470A798-8855-4CFD-B841-68C6227845CE}.PublicDebug|Win32.Build.0 = Debug|Win32
		{2470A798-8855-4CFD-B841-68C6227845CE}.PublicRelease|Win32.ActiveCfg = Release|Win32
		{2470A798-8855-4CFD-B841-68C6227845CE}.PublicRelease|Win32.Build.0 = Release|Win32
		{2470A798-8855-4CFD-B841-68C6227845CE}.Release|Win32.ActiveCfg = Release|Win32
		{2470A798-8855-4CFD-B841-68C6227845CE}.Release|Win32.Build.0 = Release|Win32
		{5152844F-D1C6-4094-BC1F-A8FDC74A8844}.Debug|Win32.ActiveCfg = Debug|Win32
		{5152844F-D1C6-4094-BC1F-A8FDC74A8844}.Debug|Win32.Build.0 = Debug|Win32
		{5152844F-D1C6-4094-BC1F-A8FDC74A8844}.PublicDebug|Win32.ActiveCfg = Debug|Win32
		{5152844F-D1C6-4094-BC1F-A8FDC74A8844}.PublicDebug|Win32.Build.0 = Debug|Win32
		{5152844F-D1C6-4094-BC1F-A8FDC74A8844}.PublicRelease|Win32.ActiveCfg = Release|Win32
		{5152844F-D1C6-4094-BC1F-A8FDC74A8844}.PublicRelease|Win32.Build.0 = Release|Win32
		{5152844F-D1C6-4094-BC1F-A8FDC74A8844}.Release|Win32.ActiveCfg = Release|Win32
		{5152844F-D1C6-4094-BC1F-A8FDC74A8844}.Release|Win32.Build.0 = Release|Win32
		{0EC2FB08-572E-4CDA-A065-48F3B9385AB1}.Debug|Win32.ActiveCfg = Debug|Win32
		{0EC2FB08-572E-4CDA-A065-48F3B9385AB1}.Debug|Win32.Build.0 = Debug|Win32
		{0EC2FB08-572E-4CDA-A065-48F3B9385AB1}.PublicDebug|Win32.ActiveCfg = Debug|Win32
		{0EC2FB08-572E-4CDA-A065-48F3B9385AB1}.PublicDebug|Win32.Build.0 = Debug|Win32
		{0EC2FB08-572E-4CDA-A065-48F3B9385AB1}.PublicRelease|Win32.ActiveCfg = Release|Win32
		{0EC2FB08-572E-4CDA-A065-48F3B9385AB1}.PublicRelease|Win32.Build.0 = Release|Win32
		{0EC2FB08-572E-4CDA-A065-48F3B9385AB1}.Release|Win32.ActiveCfg = Release|Win32
		{0EC2FB08-572E-4CDA-A065-48F3B9385AB1}.Release|Win32.Build.0 = Release|Win32
		{DA7E77DB-E9B1-4BF7-BA9C-0EF74DC9BAC8}.Debug|Win32.ActiveCfg = Debug|Win32
		{DA7E77DB-E9B1-4BF7-BA9C-0EF74DC9BAC8}.Debug|Win32.Build.0 = Debug|Win32
		{DA7E77DB-E9B1-4BF7-BA9C-0EF74DC9BAC8}.PublicDebug|Win32.ActiveCfg = Debug|Win32
		{DA7E77DB-E9B1-4BF7-BA9C-0EF74DC9BAC8}.PublicDebug|Win32.Build.0 = Debug|Win32
		{DA7E77DB-E9B1-4BF7-BA9C-0EF74DC9BAC8}.PublicRelease|Win32.ActiveCfg = Release|Win32
		{DA7E77DB-E9B1-4BF7-BA9C-0EF74DC9BAC8}.PublicRelease|Win32.Build.0 = Release|Win32
		{DA7E77DB-E9B1-4BF7-BA9C-0EF74DC9BAC8}.Release|Win32.ActiveCfg = Release|Win32
		{DA7E77DB-E9B1-4BF7-BA9C-0EF74DC9BAC8}.Release|Win32.Build.0 = Release|Win32
		{95519D41-4D52-4BAD-99E3-E58F33E9A61C}.Debug|Win32.ActiveCfg = Debug|Win32
		{95519D41-4D52-4BAD-99E3-E58F33E9A61C}.Debug|Win32.Build.0 = Debug|Win32
		{95519D41-4D52-4BAD-99E3-E58F33E9A61C}.PublicDebug|Win32.ActiveCfg = Debug|Win32
		{95519D41-4D52-4BAD-99E3-E58F33E9A61C}.PublicDebug|Win32.Build.0 = Debug|Win32
		{95519D41-4D52-4BAD-99E3-E58F33E9A61C}.PublicRelease|Win32.ActiveCfg = Release|Win32
		{95519D41-4D52-4BAD-99E3-E58F33E9A61C}.PublicRelease|Win32.Build.0 = Release|Win32
		{95519D41-4D52-4BAD-99E3-E58F33E9A61C}.Release|Win32.ActiveCfg = Release|Win32
		{95519D41-4D52-4BAD-99E3-E58F33E9A61C}.Release|Win32.Build.0 = Release|Win32
		{219F8FF1-C591-49FD-98AE-4AA1C5D57587}.Debug|Win32.ActiveCfg = Debug|Win32
		{219F8FF1-C591-49FD-98AE-4AA1C5D57587}.Debug|Win32.Build.0 = Debug|Win32
		{219F8FF1-C591-49FD-98AE-4AA1C5D57587}.PublicDebug|Win32.ActiveCfg = Debug|Win32
		{219F8FF1-C591-49FD-98AE-4AA1C5D57587}.PublicDebug|Win32.Build.0 = Debug|Win32
		{219F8FF1-C591-49FD-98AE-4AA1C5D57587}.PublicRelease|Win32.ActiveCfg = Release|Win32
		{219F8FF1-C591-49FD-98AE-4AA1C5D57587}.PublicRelease|Win32.Build.0 = Release|Win32
		{219F8FF1-C591-49FD-98AE-4AA1C5D57587}.Release|Win32.ActiveCfg = Release|Win32
		{219F8FF1-C591-49FD-98AE-4AA1C5D57587}.Release|Win32.Build.0 = Release|Win32
		{E18DA30E-6AC6-4BD5-A16A-32420644345F}.Debug|Win32.ActiveCfg = Debug|Win32
		{E18DA30E-6AC6-4BD5-A16A-32420644345F}.Debug|Win32.Build.0 = Debug|Win32
		{E18DA30E-6AC6-4BD5-A16A-32420644345F}.PublicDebug|Win32.ActiveCfg = PublicDebug|Win32
		{E18DA30E-6AC6-4BD5-A16A-32420644345F}.PublicDebug|Win32.Build.0 = PublicDebug|Win32
		{E18DA30E-6AC6-4BD5-A16A-32420644345F}.PublicRelease|Win32.ActiveCfg = PublicRelease|Win32
		{E18DA30E-6AC6-4BD5-A16A-32420644345F}.PublicRelease|Win32.Build.0 = PublicRelease|Win32
		{E18DA30E-6AC6-4BD5-A16A-32420644345F}.Release|Win32.ActiveCfg = Release|Win32
		{E18DA30E-6AC6-4BD5-A16A-32420644345F}.Release|Win32.Build.0 = Release|Win32
		{F6FEB880-93CD-4451-A7D5-6C5C37E9A5B6}.Debug|Win32.ActiveCfg = Debug|Win32
		{F6FEB880-93CD-4451-A7D5-6C5C37E9A5B6}.Debug|Win32.Build.0 = Debug|Win32
		{F6FEB880-93CD-4451-A7D5-6C5C37E9A5B6}.PublicDebug|Win32.ActiveCfg = Debug|Win32
		{F6FEB880-93CD-4451-A7D5-6C5C37E9A5B6}.PublicDebug|Win32.Build.0 = Debug|Win32
		{F6FEB880-93CD-4451-A7D5-6C5C37E9A5B6}.PublicRelease|Win32.ActiveCfg = Release|Win32
		{F6FEB880-93CD-4451-A7D5-6C5C37E9A5B6}.PublicRelease|Win32.Build.0 = Release|Win32
		{F6FEB880-93CD-4451-A7D5-6C5C37E9A5B6}.Release|Win32.ActiveCfg = Release|Win32
		{F6FEB880-93CD-4451-A7D5-6C5C37E9A5B6}.Release|Win32.Build.0 = Release|Win32
	EndGlobalSection
	GlobalSection(SolutionProperties) = preSolution
		HideSolutionNode = FALSE
	EndGlobalSection
EndGlobal
